
Microsoft Visual Studio Solution File, Format Version 12.00
# Visual Studio Version 17
VisualStudioVersion = 17.2.32630.192
MinimumVisualStudioVersion = 10.0.40219.1
Project("{FAE04EC0-301F-11D3-BF4B-00C04F79EFBC}") = "GXPE Testo Uno", "gxptest2\GXPE Testo Uno.csproj", "{18A02FFE-AA45-4EA4-936F-D057C203FD72}"
EndProject
Global
	GlobalSection(SolutionConfigurationPlatforms) = preSolution
		Debug|Any CPU = Debug|Any CPU
		Release|Any CPU = Release|Any CPU
	EndGlobalSection
	GlobalSection(ProjectConfigurationPlatforms) = postSolution
		{18A02FFE-AA45-4EA4-936F-D057C203FD72}.Debug|Any CPU.ActiveCfg = Debug|Any CPU
		{18A02FFE-AA45-4EA4-936F-D057C203FD72}.Debug|Any CPU.Build.0 = Debug|Any CPU
		{18A02FFE-AA45-4EA4-936F-D057C203FD72}.Release|Any CPU.ActiveCfg = Release|Any CPU
		{18A02FFE-AA45-4EA4-936F-D057C203FD72}.Release|Any CPU.Build.0 = Release|Any CPU
	EndGlobalSection
	GlobalSection(SolutionProperties) = preSolution
		HideSolutionNode = FALSE
	EndGlobalSection
	GlobalSection(ExtensibilityGlobals) = postSolution
		SolutionGuid = {5F46857D-DE62-4256-8B5F-45A4D68C1596}
	EndGlobalSection
EndGlobal
